
Microsoft Visual Studio Solution File, Format Version 12.00
# Visual Studio Version 16
VisualStudioVersion = 16.0.30804.86
MinimumVisualStudioVersion = 10.0.40219.1
Project("{FAE04EC0-301F-11D3-BF4B-00C04F79EFBC}") = "Emelyanov_PRI117_lab11", "Emelyanov_PRI117_lab11\Emelyanov_PRI117_lab11.csproj", "{6055A2EE-491F-45F5-AF74-D67787C7D5D8}"
EndProject
Global
	GlobalSection(SolutionConfigurationPlatforms) = preSolution
		Debug|Any CPU = Debug|Any CPU
		Release|Any CPU = Release|Any CPU
	EndGlobalSection
	GlobalSection(ProjectConfigurationPlatforms) = postSolution
		{6055A2EE-491F-45F5-AF74-D67787C7D5D8}.Debug|Any CPU.ActiveCfg = Debug|Any CPU
		{6055A2EE-491F-45F5-AF74-D67787C7D5D8}.Debug|Any CPU.Build.0 = Debug|Any CPU
		{6055A2EE-491F-45F5-AF74-D67787C7D5D8}.Release|Any CPU.ActiveCfg = Release|Any CPU
		{6055A2EE-491F-45F5-AF74-D67787C7D5D8}.Release|Any CPU.Build.0 = Release|Any CPU
	EndGlobalSection
	GlobalSection(SolutionProperties) = preSolution
		HideSolutionNode = FALSE
	EndGlobalSection
	GlobalSection(ExtensibilityGlobals) = postSolution
		SolutionGuid = {80265C64-E0EE-45DF-AF83-09902CE216E3}
	EndGlobalSection
EndGlobal
